{
  "nodes": {
    "nixpkgs": {
      "locked": {
        "lastModified": 1786711500,
        "narHash": "sha256-mB6w7h+UsvxLf3PY6U3hSDVWCfmn2Q6VtSw5JugbeY0=",
        "rev": "02e08985a27c65ffd33d434eeb2e660a2e4dc84d",
        "type": "tarball",
        "url": "https://releases.nixos.org/nixos/26.05/nixos-26.05.7675.02e08985a27c/nixexprs.tar.xz"
      },
      "original": {
        "id": "nixpkgs",
        "ref": "nixos-26.05",
        "type": "indirect"
      }
    },
    "noctalia": {
      "inputs": {
        "nixpkgs": [
          "nixpkgs"
        ]
      },
      "locked": {
        "lastModified": 1786825045,
        "narHash": "sha256-cJ0FeNeCedWVN0ZUeNnO47NpOXu9Oz208bTWuGADR7s=",
        "owner": "noctalia-dev",
        "repo": "noctalia-shell",
        "rev": "3bd9c71f65ccdf4c0fee53547287bdc057315522",
        "type": "github"
      },
      "original": {
        "owner": "noctalia-dev",
        "repo": "noctalia-shell",
        "type": "github"
      }
    },
    "root": {
      "inputs": {
        "nixpkgs": "nixpkgs",
        "noctalia": "noctalia"
      }
    }
  },
  "root": "root",
  "version": 7
}
